// !$*UTF8*$!
{
	archiveVersion = 1;
	classes = {
	};
	objectVersion = 56;
	objects = {

/* Begin PBXBuildFile section */
		5617AD7E2BAC034B00009846 /* AppDelegate.swift in Sources */ = {isa = PBXBuildFile; fileRef = 5617AD7D2BAC034B00009846 /* AppDelegate.swift */; };
		5617AD822BAC034C00009846 /* Assets.xcassets in Resources */ = {isa = PBXBuildFile; fileRef = 5617AD812BAC034C00009846 /* Assets.xcassets */; };
		5617AD852BAC034C00009846 /* Base in Resources */ = {isa = PBXBuildFile; fileRef = 5617AD842BAC034C00009846 /* Base */; };
		5617AD8D2BAC037800009846 /* MenuBar.swift in Sources */ = {isa = PBXBuildFile; fileRef = 5617AD8C2BAC037800009846 /* MenuBar.swift */; };
		5617AD8F2BAC292A00009846 /* NSViewExt.swift in Sources */ = {isa = PBXBuildFile; fileRef = 5617AD8E2BAC292A00009846 /* NSViewExt.swift */; };
		5655B23F2BB29D3C0032EFE2 /* KGYConstants.swift in Sources */ = {isa = PBXBuildFile; fileRef = 5655B23E2BB29D3C0032EFE2 /* KGYConstants.swift */; };
/* End PBXBuildFile section */

/* Begin PBXFileReference section */
		5617AD7A2BAC034B00009846 /* Kaguya.app */ = {isa = PBXFileReference; explicitFileType = wrapper.application; includeInIndex = 0; path = Kaguya.app; sourceTree = BUILT_PRODUCTS_DIR; };
		5617AD7D2BAC034B00009846 /* AppDelegate.swift */ = {isa = PBXFileReference; lastKnownFileType = sourcecode.swift; path = AppDelegate.swift; sourceTree = "<group>"; };
		5617AD812BAC034C00009846 /* Assets.xcassets */ = {isa = PBXFileReference; lastKnownFileType = folder.assetcatalog; path = Assets.xcassets; sourceTree = "<group>"; };
		5617AD842BAC034C00009846 /* Base */ = {isa = PBXFileReference; lastKnownFileType = file.storyboard; name = Base; path = Base.lproj/Main.storyboard; sourceTree = "<group>"; };
		5617AD862BAC034C00009846 /* Kaguya.entitlements */ = {isa = PBXFileReference; lastKnownFileType = text.plist.entitlements; path = Kaguya.entitlements; sourceTree = "<group>"; };
		5617AD8C2BAC037800009846 /* MenuBar.swift */ = {isa = PBXFileReference; lastKnownFileType = sourcecode.swift; path = MenuBar.swift; sourceTree = "<group>"; };
		5617AD8E2BAC292A00009846 /* NSViewExt.swift */ = {isa = PBXFileReference; lastKnownFileType = sourcecode.swift; path = NSViewExt.swift; sourceTree = "<group>"; };
		5655B23E2BB29D3C0032EFE2 /* KGYConstants.swift */ = {isa = PBXFileReference; lastKnownFileType = sourcecode.swift; path = KGYConstants.swift; sourceTree = "<group>"; };
/* End PBXFileReference section */

/* Begin PBXFrameworksBuildPhase section */
		5617AD772BAC034B00009846 /* Frameworks */ = {
			isa = PBXFrameworksBuildPhase;
			buildActionMask = 2147483647;
			files = (
			);
			runOnlyForDeploymentPostprocessing = 0;
		};
/* End PBXFrameworksBuildPhase section */

/* Begin PBXGroup section */
		5617AD712BAC034B00009846 = {
			isa = PBXGroup;
			children = (
				5617AD7C2BAC034B00009846 /* Kaguya */,
				5617AD7B2BAC034B00009846 /* Products */,
			);
			sourceTree = "<group>";
		};
		5617AD7B2BAC034B00009846 /* Products */ = {
			isa = PBXGroup;
			children = (
				5617AD7A2BAC034B00009846 /* Kaguya.app */,
			);
			name = Products;
			sourceTree = "<group>";
		};
		5617AD7C2BAC034B00009846 /* Kaguya */ = {
			isa = PBXGroup;
			children = (
				5617AD912BAC296000009846 /* Core */,
				5617AD902BAC293E00009846 /* Utils */,
				5617AD7D2BAC034B00009846 /* AppDelegate.swift */,
				5617AD812BAC034C00009846 /* Assets.xcassets */,
				5617AD832BAC034C00009846 /* Main.storyboard */,
				5617AD862BAC034C00009846 /* Kaguya.entitlements */,
			);
			path = Kaguya;
			sourceTree = "<group>";
		};
		5617AD902BAC293E00009846 /* Utils */ = {
			isa = PBXGroup;
			children = (
				5617AD8E2BAC292A00009846 /* NSViewExt.swift */,
				5655B23E2BB29D3C0032EFE2 /* KGYConstants.swift */,
			);
			path = Utils;
			sourceTree = "<group>";
		};
		5617AD912BAC296000009846 /* Core */ = {
			isa = PBXGroup;
			children = (
				5617AD8C2BAC037800009846 /* MenuBar.swift */,
			);
			path = Core;
			sourceTree = "<group>";
		};
/* End PBXGroup section */

/* Begin PBXNativeTarget section */
		5617AD792BAC034B00009846 /* Kaguya */ = {
			isa = PBXNativeTarget;
			buildConfigurationList = 5617AD892BAC034C00009846 /* Build configuration list for PBXNativeTarget "Kaguya" */;
			buildPhases = (
				5617AD762BAC034B00009846 /* Sources */,
				5617AD772BAC034B00009846 /* Frameworks */,
				5617AD782BAC034B00009846 /* Resources */,
			);
			buildRules = (
			);
			dependencies = (
			);
			name = Kaguya;
			productName = Kaguya;
			productReference = 5617AD7A2BAC034B00009846 /* Kaguya.app */;
			productType = "com.apple.product-type.application";
		};
/* End PBXNativeTarget section */

/* Begin PBXProject section */
		5617AD722BAC034B00009846 /* Project object */ = {
			isa = PBXProject;
			attributes = {
				BuildIndependentTargetsInParallel = 1;
				LastSwiftUpdateCheck = 1530;
				LastUpgradeCheck = 1530;
				TargetAttributes = {
					5617AD792BAC034B00009846 = {
						CreatedOnToolsVersion = 15.3;
					};
				};
			};
			buildConfigurationList = 5617AD752BAC034B00009846 /* Build configuration list for PBXProject "Kaguya" */;
			compatibilityVersion = "Xcode 14.0";
			developmentRegion = en;
			hasScannedForEncodings = 0;
			knownRegions = (
				en,
				Base,
			);
			mainGroup = 5617AD712BAC034B00009846;
			productRefGroup = 5617AD7B2BAC034B00009846 /* Products */;
			projectDirPath = "";
			projectRoot = "";
			targets = (
				5617AD792BAC034B00009846 /* Kaguya */,
			);
		};
/* End PBXProject section */

/* Begin PBXResourcesBuildPhase section */
		5617AD782BAC034B00009846 /* Resources */ = {
			isa = PBXResourcesBuildPhase;
			buildActionMask = 2147483647;
			files = (
				5617AD822BAC034C00009846 /* Assets.xcassets in Resources */,
				5617AD852BAC034C00009846 /* Base in Resources */,
			);
			runOnlyForDeploymentPostprocessing = 0;
		};
/* End PBXResourcesBuildPhase section */

/* Begin PBXSourcesBuildPhase section */
		5617AD762BAC034B00009846 /* Sources */ = {
			isa = PBXSourcesBuildPhase;
			buildActionMask = 2147483647;
			files = (
				5617AD7E2BAC034B00009846 /* AppDelegate.swift in Sources */,
				5655B23F2BB29D3C0032EFE2 /* KGYConstants.swift in Sources */,
				5617AD8D2BAC037800009846 /* MenuBar.swift in Sources */,
				5617AD8F2BAC292A00009846 /* NSViewExt.swift in Sources */,
			);
			runOnlyForDeploymentPostprocessing = 0;
		};
/* End PBXSourcesBuildPhase section */

/* Begin PBXVariantGroup section */
		5617AD832BAC034C00009846 /* Main.storyboard */ = {
			isa = PBXVariantGroup;
			children = (
				5617AD842BAC034C00009846 /* Base */,
			);
			name = Main.storyboard;
			sourceTree = "<group>";
		};
/* End PBXVariantGroup section */

/* Begin XCBuildConfiguration section */
		5617AD872BAC034C00009846 /* Debug */ = {
			isa = XCBuildConfiguration;
			buildSettings = {
				ALWAYS_SEARCH_USER_PATHS = NO;
				ASSETCATALOG_COMPILER_GENERATE_SWIFT_ASSET_SYMBOL_EXTENSIONS = YES;
				CLANG_ANALYZER_NONNULL = YES;
				CLANG_ANALYZER_NUMBER_OBJECT_CONVERSION = YES_AGGRESSIVE;
				CLANG_CXX_LANGUAGE_STANDARD = "gnu++20";
				CLANG_ENABLE_MODULES = YES;
				CLANG_ENABLE_OBJC_ARC = YES;
				CLANG_ENABLE_OBJC_WEAK = YES;
				CLANG_WARN_BLOCK_CAPTURE_AUTORELEASING = YES;
				CLANG_WARN_BOOL_CONVERSION = YES;
				CLANG_WARN_COMMA = YES;
				CLANG_WARN_CONSTANT_CONVERSION = YES;
				CLANG_WARN_DEPRECATED_OBJC_IMPLEMENTATIONS = YES;
				CLANG_WARN_DIRECT_OBJC_ISA_USAGE = YES_ERROR;
				CLANG_WARN_DOCUMENTATION_COMMENTS = YES;
				CLANG_WARN_EMPTY_BODY = YES;
				CLANG_WARN_ENUM_CONVERSION = YES;
				CLANG_WARN_INFINITE_RECURSION = YES;
				CLANG_WARN_INT_CONVERSION = YES;
				CLANG_WARN_NON_LITERAL_NULL_CONVERSION = YES;
				CLANG_WARN_OBJC_IMPLICIT_RETAIN_SELF = YES;
				CLANG_WARN_OBJC_LITERAL_CONVERSION = YES;
				CLANG_WARN_OBJC_ROOT_CLASS = YES_ERROR;
				CLANG_WARN_QUOTED_INCLUDE_IN_FRAMEWORK_HEADER = YES;
				CLANG_WARN_RANGE_LOOP_ANALYSIS = YES;
				CLANG_WARN_STRICT_PROTOTYPES = YES;
				CLANG_WARN_SUSPICIOUS_MOVE = YES;
				CLANG_WARN_UNGUARDED_AVAILABILITY = YES_AGGRESSIVE;
				CLANG_WARN_UNREACHABLE_CODE = YES;
				CLANG_WARN__DUPLICATE_METHOD_MATCH = YES;
				COPY_PHASE_STRIP = NO;
				DEBUG_INFORMATION_FORMAT = dwarf;
				ENABLE_STRICT_OBJC_MSGSEND = YES;
				ENABLE_TESTABILITY = YES;
				ENABLE_USER_SCRIPT_SANDBOXING = YES;
				GCC_C_LANGUAGE_STANDARD = gnu17;
				GCC_DYNAMIC_NO_PIC = NO;
				GCC_NO_COMMON_BLOCKS = YES;
				GCC_OPTIMIZATION_LEVEL = 0;
				GCC_PREPROCESSOR_DEFINITIONS = (
					"DEBUG=1",
					"$(inherited)",
				);
				GCC_WARN_64_TO_32_BIT_CONVERSION = YES;
				GCC_WARN_ABOUT_RETURN_TYPE = YES_ERROR;
				GCC_WARN_UNDECLARED_SELECTOR = YES;
				GCC_WARN_UNINITIALIZED_AUTOS = YES_AGGRESSIVE;
				GCC_WARN_UNUSED_FUNCTION = YES;
				GCC_WARN_UNUSED_VARIABLE = YES;
				LOCALIZATION_PREFERS_STRING_CATALOGS = YES;
				MACOSX_DEPLOYMENT_TARGET = 14.2;
				MTL_ENABLE_DEBUG_INFO = INCLUDE_SOURCE;
				MTL_FAST_MATH = YES;
				ONLY_ACTIVE_ARCH = YES;
				SDKROOT = macosx;
				SWIFT_ACTIVE_COMPILATION_CONDITIONS = "DEBUG $(inherited)";
				SWIFT_OPTIMIZATION_LEVEL = "-Onone";
			};
			name = Debug;
		};
		5617AD882BAC034C00009846 /* Release */ = {
			isa = XCBuildConfiguration;
			buildSettings = {
				ALWAYS_SEARCH_USER_PATHS = NO;
				ASSETCATALOG_COMPILER_GENERATE_SWIFT_ASSET_SYMBOL_EXTENSIONS = YES;
				CLANG_ANALYZER_NONNULL = YES;
				CLANG_ANALYZER_NUMBER_OBJECT_CONVERSION = YES_AGGRESSIVE;
				CLANG_CXX_LANGUAGE_STANDARD = "gnu++20";
				CLANG_ENABLE_MODULES = YES;
				CLANG_ENABLE_OBJC_ARC = YES;
				CLANG_ENABLE_OBJC_WEAK = YES;
				CLANG_WARN_BLOCK_CAPTURE_AUTORELEASING = YES;
				CLANG_WARN_BOOL_CONVERSION = YES;
				CLANG_WARN_COMMA = YES;
				CLANG_WARN_CONSTANT_CONVERSION = YES;
				CLANG_WARN_DEPRECATED_OBJC_IMPLEMENTATIONS = YES;
				CLANG_WARN_DIRECT_OBJC_ISA_USAGE = YES_ERROR;
				CLANG_WARN_DOCUMENTATION_COMMENTS = YES;
				CLANG_WARN_EMPTY_BODY = YES;
				CLANG_WARN_ENUM_CONVERSION = YES;
				CLANG_WARN_INFINITE_RECURSION = YES;
				CLANG_WARN_INT_CONVERSION = YES;
				CLANG_WARN_NON_LITERAL_NULL_CONVERSION = YES;
				CLANG_WARN_OBJC_IMPLICIT_RETAIN_SELF = YES;
				CLANG_WARN_OBJC_LITERAL_CONVERSION = YES;
				CLANG_WARN_OBJC_ROOT_CLASS = YES_ERROR;
				CLANG_WARN_QUOTED_INCLUDE_IN_FRAMEWORK_HEADER = YES;
				CLANG_WARN_RANGE_LOOP_ANALYSIS = YES;
				CLANG_WARN_STRICT_PROTOTYPES = YES;
				CLANG_WARN_SUSPICIOUS_MOVE = YES;
				CLANG_WARN_UNGUARDED_AVAILABILITY = YES_AGGRESSIVE;
				CLANG_WARN_UNREACHABLE_CODE = YES;
				CLANG_WARN__DUPLICATE_METHOD_MATCH = YES;
				COPY_PHASE_STRIP = NO;
				DEBUG_INFORMATION_FORMAT = "dwarf-with-dsym";
				ENABLE_NS_ASSERTIONS = NO;
				ENABLE_STRICT_OBJC_MSGSEND = YES;
				ENABLE_USER_SCRIPT_SANDBOXING = YES;
				GCC_C_LANGUAGE_STANDARD = gnu17;
				GCC_NO_COMMON_BLOCKS = YES;
				GCC_WARN_64_TO_32_BIT_CONVERSION = YES;
				GCC_WARN_ABOUT_RETURN_TYPE = YES_ERROR;
				GCC_WARN_UNDECLARED_SELECTOR = YES;
				GCC_WARN_UNINITIALIZED_AUTOS = YES_AGGRESSIVE;
				GCC_WARN_UNUSED_FUNCTION = YES;
				GCC_WARN_UNUSED_VARIABLE = YES;
				LOCALIZATION_PREFERS_STRING_CATALOGS = YES;
				MACOSX_DEPLOYMENT_TARGET = 14.2;
				MTL_ENABLE_DEBUG_INFO = NO;
				MTL_FAST_MATH = YES;
				SDKROOT = macosx;
				SWIFT_COMPILATION_MODE = wholemodule;
			};
			name = Release;
		};
		5617AD8A2BAC034C00009846 /* Debug */ = {
			isa = XCBuildConfiguration;
			buildSettings = {
				ASSETCATALOG_COMPILER_APPICON_NAME = AppIcon;
				ASSETCATALOG_COMPILER_GLOBAL_ACCENT_COLOR_NAME = AccentColor;
				CODE_SIGN_ENTITLEMENTS = Kaguya/Kaguya.entitlements;
				CODE_SIGN_STYLE = Automatic;
				COMBINE_HIDPI_IMAGES = YES;
				CURRENT_PROJECT_VERSION = 1;
				GENERATE_INFOPLIST_FILE = YES;
				INFOPLIST_KEY_LSUIElement = YES;
				INFOPLIST_KEY_NSHumanReadableCopyright = "";
				INFOPLIST_KEY_NSMainStoryboardFile = Main;
				INFOPLIST_KEY_NSPrincipalClass = NSApplication;
				LD_RUNPATH_SEARCH_PATHS = (
					"$(inherited)",
					"@executable_path/../Frameworks",
				);
				MACOSX_DEPLOYMENT_TARGET = 12.0;
				MARKETING_VERSION = 1.2;
				PRODUCT_BUNDLE_IDENTIFIER = CyberDz.Kaguya;
				PRODUCT_NAME = "$(TARGET_NAME)";
				SWIFT_EMIT_LOC_STRINGS = YES;
				SWIFT_VERSION = 5.0;
			};
			name = Debug;
		};
		5617AD8B2BAC034C00009846 /* Release */ = {
			isa = XCBuildConfiguration;
			buildSettings = {
				ASSETCATALOG_COMPILER_APPICON_NAME = AppIcon;
				ASSETCATALOG_COMPILER_GLOBAL_ACCENT_COLOR_NAME = AccentColor;
				CODE_SIGN_ENTITLEMENTS = Kaguya/Kaguya.entitlements;
				CODE_SIGN_STYLE = Automatic;
				COMBINE_HIDPI_IMAGES = YES;
				CURRENT_PROJECT_VERSION = 1;
				GENERATE_INFOPLIST_FILE = YES;
				INFOPLIST_KEY_LSUIElement = YES;
				INFOPLIST_KEY_NSHumanReadableCopyright = "";
				INFOPLIST_KEY_NSMainStoryboardFile = Main;
				INFOPLIST_KEY_NSPrincipalClass = NSApplication;
				LD_RUNPATH_SEARCH_PATHS = (
					"$(inherited)",
					"@executable_path/../Frameworks",
				);
				MACOSX_DEPLOYMENT_TARGET = 12.0;
				MARKETING_VERSION = 1.2;
				PRODUCT_BUNDLE_IDENTIFIER = CyberDz.Kaguya;
				PRODUCT_NAME = "$(TARGET_NAME)";
				SWIFT_EMIT_LOC_STRINGS = YES;
				SWIFT_VERSION = 5.0;
			};
			name = Release;
		};
/* End XCBuildConfiguration section */

/* Begin XCConfigurationList section */
		5617AD752BAC034B00009846 /* Build configuration list for PBXProject "Kaguya" */ = {
			isa = XCConfigurationList;
			buildConfigurations = (
				5617AD872BAC034C00009846 /* Debug */,
				5617AD882BAC034C00009846 /* Release */,
			);
			defaultConfigurationIsVisible = 0;
			defaultConfigurationName = Release;
		};
		5617AD892BAC034C00009846 /* Build configuration list for PBXNativeTarget "Kaguya" */ = {
			isa = XCConfigurationList;
			buildConfigurations = (
				5617AD8A2BAC034C00009846 /* Debug */,
				5617AD8B2BAC034C00009846 /* Release */,
			);
			defaultConfigurationIsVisible = 0;
			defaultConfigurationName = Release;
		};
/* End XCConfigurationList section */
	};
	rootObject = 5617AD722BAC034B00009846 /* Project object */;
}
